
Microsoft Visual Studio Solution File, Format Version 12.00
# Visual Studio Version 16
VisualStudioVersion = 16.0.31105.61
MinimumVisualStudioVersion = 10.0.40219.1
Project("{FAE04EC0-301F-11D3-BF4B-00C04F79EFBC}") = "VisualIntegrationWithGit", "VisualIntegrationWithGit\VisualIntegrationWithGit.csproj", "{8E850A41-1051-4993-A250-AF3575C7FE6D}"
EndProject
Global
	GlobalSection(SolutionConfigurationPlatforms) = preSolution
		Debug|Any CPU = Debug|Any CPU
		Release|Any CPU = Release|Any CPU
	EndGlobalSection
	GlobalSection(ProjectConfigurationPlatforms) = postSolution
		{8E850A41-1051-4993-A250-AF3575C7FE6D}.Debug|Any CPU.ActiveCfg = Debug|Any CPU
		{8E850A41-1051-4993-A250-AF3575C7FE6D}.Debug|Any CPU.Build.0 = Debug|Any CPU
		{8E850A41-1051-4993-A250-AF3575C7FE6D}.Release|Any CPU.ActiveCfg = Release|Any CPU
		{8E850A41-1051-4993-A250-AF3575C7FE6D}.Release|Any CPU.Build.0 = Release|Any CPU
	EndGlobalSection
	GlobalSection(SolutionProperties) = preSolution
		HideSolutionNode = FALSE
	EndGlobalSection
	GlobalSection(ExtensibilityGlobals) = postSolution
		SolutionGuid = {973ED935-8E68-46FE-883F-F6465317758A}
	EndGlobalSection
EndGlobal
